<?xml version="1.0" encoding="utf-8"?>
<Project ToolsVersion="4.0" xmlns="http://schemas.microsoft.com/developer/msbuild/2003">
  <ItemGroup>
    <Filter Include="Source Files">
      <UniqueIdentifier>{4FC737F1-C7A5-4376-A066-2A32D752A2FF}</UniqueIdentifier>
      <Extensions>cpp;c;cc;cxx;def;odl;idl;hpj;bat;asm;asmx</Extensions>
    </Filter>
    <Filter Include="Header Files">
      <UniqueIdentifier>{93995380-89BD-4b04-88EB-625FBE52EBFB}</UniqueIdentifier>
      <Extensions>h;hh;hpp;hxx;hm;inl;inc;ipp;xsd</Extensions>
    </Filter>
    <Filter Include="Resource Files">
      <UniqueIdentifier>{67DA6AB6-F800-4c08-8B7A-83BB121AAD01}</UniqueIdentifier>
      <Extensions>rc;ico;cur;bmp;dlg;rc2;rct;bin;rgs;gif;jpg;jpeg;jpe;resx;tiff;tif;png;wav;mfcribbon-ms</Extensions>
    </Filter>
    <Filter Include="Source Files\configuration">
      <UniqueIdentifier>{bee008d7-8b62-4ec5-a3e0-8fe803cc7226}</UniqueIdentifier>
    </Filter>
    <Filter Include="Source Files\log">
      <UniqueIdentifier>{b3f32e37-556d-443a-ae35-be1a01fa7c67}</UniqueIdentifier>
    </Filter>
    <Filter Include="Source Files\core">
      <UniqueIdentifier>{8488c16c-eac6-4145-b53d-9d387ffbb7bf}</UniqueIdentifier>
    </Filter>
    <Filter Include="Source Files\core\item">
      <UniqueIdentifier>{08e7ce14-94f4-46d8-b537-8402fef5c1b7}</UniqueIdentifier>
    </Filter>
    <Filter Include="Source Files\core\service">
      <UniqueIdentifier>{a97d33a6-3b13-44f3-8495-bbf5a3aed921}</UniqueIdentifier>
    </Filter>
    <Filter Include="Source Files\core\item\login">
      <UniqueIdentifier>{f47d46ce-87ad-4a90-b329-e35527bcaec6}</UniqueIdentifier>
    </Filter>
    <Filter Include="Source Files\core\item\logout">
      <UniqueIdentifier>{c6d441a1-d783-45c0-a139-633ac0e41e0d}</UniqueIdentifier>
    </Filter>
    <Filter Include="Source Files\server">
      <UniqueIdentifier>{68dad26d-8024-4c54-993c-fd1666ea6c55}</UniqueIdentifier>
    </Filter>
    <Filter Include="Source Files\core\protocol">
      <UniqueIdentifier>{02239489-75e2-4c23-8714-c4c2868d8a4f}</UniqueIdentifier>
    </Filter>
    <Filter Include="Source Files\core\package">
      <UniqueIdentifier>{80b7463b-bb26-4b26-87e7-fb6eb618d0ae}</UniqueIdentifier>
    </Filter>
  </ItemGroup>
  <ItemGroup>
    <ClCompile Include="source\main.cpp">
      <Filter>Source Files</Filter>
    </ClCompile>
    <ClCompile Include="source\log\log.cpp">
      <Filter>Source Files\log</Filter>
    </ClCompile>
    <ClCompile Include="source\core\core.cpp">
      <Filter>Source Files\core</Filter>
    </ClCompile>
    <ClCompile Include="source\core\item\item.cpp">
      <Filter>Source Files\core\item</Filter>
    </ClCompile>
    <ClCompile Include="source\core\service\service.cpp">
      <Filter>Source Files\core\service</Filter>
    </ClCompile>
    <ClCompile Include="source\core\item\login\login_request.cpp">
      <Filter>Source Files\core\item\login</Filter>
    </ClCompile>
    <ClCompile Include="source\core\item\login\login_response.cpp">
      <Filter>Source Files\core\item\login</Filter>
    </ClCompile>
    <ClCompile Include="source\core\item\logout\logout_request.cpp">
      <Filter>Source Files\core\item\logout</Filter>
    </ClCompile>
    <ClCompile Include="source\core\item\logout\logout_response.cpp">
      <Filter>Source Files\core\item\logout</Filter>
    </ClCompile>
    <ClCompile Include="source\server\server.cpp">
      <Filter>Source Files\server</Filter>
    </ClCompile>
    <ClCompile Include="source\core\protocol\protocol.cpp">
      <Filter>Source Files\core\protocol</Filter>
    </ClCompile>
    <ClCompile Include="source\core\package\package.cpp">
      <Filter>Source Files\core\package</Filter>
    </ClCompile>
  </ItemGroup>
  <ItemGroup>
    <ClInclude Include="source\configuration\configuration.h">
      <Filter>Source Files\configuration</Filter>
    </ClInclude>
    <ClInclude Include="source\log\log.h">
      <Filter>Source Files\log</Filter>
    </ClInclude>
    <ClInclude Include="source\core\core.h">
      <Filter>Source Files\core</Filter>
    </ClInclude>
    <ClInclude Include="source\core\item\item.h">
      <Filter>Source Files\core\item</Filter>
    </ClInclude>
    <ClInclude Include="source\core\service\service.h">
      <Filter>Source Files\core\service</Filter>
    </ClInclude>
    <ClInclude Include="source\core\item\login\login_request.h">
      <Filter>Source Files\core\item\login</Filter>
    </ClInclude>
    <ClInclude Include="source\core\item\login\login_response.h">
      <Filter>Source Files\core\item\login</Filter>
    </ClInclude>
    <ClInclude Include="source\core\item\logout\logout_request.h">
      <Filter>Source Files\core\item\logout</Filter>
    </ClInclude>
    <ClInclude Include="source\core\item\logout\logout_response.h">
      <Filter>Source Files\core\item\logout</Filter>
    </ClInclude>
    <ClInclude Include="source\server\server.h">
      <Filter>Source Files\server</Filter>
    </ClInclude>
    <ClInclude Include="source\core\protocol\protocol.h">
      <Filter>Source Files\core\protocol</Filter>
    </ClInclude>
    <ClInclude Include="source\core\package\package.h">
      <Filter>Source Files\core\package</Filter>
    </ClInclude>
  </ItemGroup>
  <ItemGroup>
    <None Include="packages.config" />
  </ItemGroup>
</Project>